{
  "R": {
    "Version": "3.6.0",
    "Repositories": [
      {
        "Name": "CRAN",
        "URL": "https://cran.rstudio.com"
      }
    ]
  },
  "Packages": {
    "BH": {
      "Package": "BH",
      "Version": "1.72.0-1",
      "Source": "CRAN"
    },
    "DT": {
      "Package": "DT",
      "Version": "0.10",
      "Source": "CRAN"
    },
    "MetStaT": {
      "Package": "MetStaT",
      "Version": "1.0",
      "Source": "CRAN"
    },
    "NlcOptim": {
      "Package": "NlcOptim",
      "Version": "0.6",
      "Source": "CRAN"
    },
    "R6": {
      "Package": "R6",
      "Version": "2.4.1",
      "Source": "CRAN"
    },
    "RColorBrewer": {
      "Package": "RColorBrewer",
      "Version": "1.1-2",
      "Source": "CRAN"
    },
    "Rcpp": {
      "Package": "Rcpp",
      "Version": "1.0.3",
      "Source": "CRAN"
    },
    "abind": {
      "Package": "abind",
      "Version": "1.4-5",
      "Source": "CRAN"
    },
    "askpass": {
      "Package": "askpass",
      "Version": "1.1",
      "Source": "CRAN"
    },
    "assertthat": {
      "Package": "assertthat",
      "Version": "0.2.1",
      "Source": "CRAN"
    },
    "backports": {
      "Package": "backports",
      "Version": "1.1.5",
      "Source": "CRAN"
    },
    "base64enc": {
      "Package": "base64enc",
      "Version": "0.1-3",
      "Source": "CRAN"
    },
    "brew": {
      "Package": "brew",
      "Version": "1.0-6",
      "Source": "CRAN"
    },
    "callr": {
      "Package": "callr",
      "Version": "3.4.0",
      "Source": "CRAN"
    },
    "cli": {
      "Package": "cli",
      "Version": "2.0.0",
      "Source": "CRAN"
    },
    "clipr": {
      "Package": "clipr",
      "Version": "0.7.0",
      "Source": "CRAN"
    },
    "clisymbols": {
      "Package": "clisymbols",
      "Version": "1.2.0",
      "Source": "CRAN"
    },
    "colorspace": {
      "Package": "colorspace",
      "Version": "1.4-1",
      "Source": "CRAN"
    },
    "commonmark": {
      "Package": "commonmark",
      "Version": "1.7",
      "Source": "CRAN"
    },
    "covr": {
      "Package": "covr",
      "Version": "3.4.0",
      "Source": "CRAN"
    },
    "cowplot": {
      "Package": "cowplot",
      "Version": "1.0.0",
      "Source": "CRAN"
    },
    "crayon": {
      "Package": "crayon",
      "Version": "1.3.4",
      "Source": "CRAN"
    },
    "crosstalk": {
      "Package": "crosstalk",
      "Version": "1.0.0",
      "Source": "CRAN"
    },
    "curl": {
      "Package": "curl",
      "Version": "4.3",
      "Source": "CRAN"
    },
    "data.table": {
      "Package": "data.table",
      "Version": "1.12.8",
      "Source": "CRAN"
    },
    "desc": {
      "Package": "desc",
      "Version": "1.2.0",
      "Source": "CRAN"
    },
    "devtools": {
      "Package": "devtools",
      "Version": "2.2.1",
      "Source": "CRAN"
    },
    "digest": {
      "Package": "digest",
      "Version": "0.6.23",
      "Source": "CRAN"
    },
    "dplyr": {
      "Package": "dplyr",
      "Version": "0.8.3",
      "Source": "CRAN"
    },
    "ellipsis": {
      "Package": "ellipsis",
      "Version": "0.3.0",
      "Source": "CRAN"
    },
    "evaluate": {
      "Package": "evaluate",
      "Version": "0.14",
      "Source": "CRAN"
    },
    "fansi": {
      "Package": "fansi",
      "Version": "0.4.0",
      "Source": "CRAN"
    },
    "farver": {
      "Package": "farver",
      "Version": "2.0.1",
      "Source": "CRAN"
    },
    "fastmap": {
      "Package": "fastmap",
      "Version": "1.0.1",
      "Source": "CRAN"
    },
    "fs": {
      "Package": "fs",
      "Version": "1.3.1",
      "Source": "CRAN"
    },
    "ggplot2": {
      "Package": "ggplot2",
      "Version": "3.2.1",
      "Source": "CRAN"
    },
    "ggpubr": {
      "Package": "ggpubr",
      "Version": "0.2.4",
      "Source": "CRAN"
    },
    "ggrepel": {
      "Package": "ggrepel",
      "Version": "0.8.1",
      "Source": "CRAN"
    },
    "ggsci": {
      "Package": "ggsci",
      "Version": "2.9",
      "Source": "CRAN"
    },
    "ggsignif": {
      "Package": "ggsignif",
      "Version": "0.6.0",
      "Source": "CRAN"
    },
    "gh": {
      "Package": "gh",
      "Version": "1.0.1",
      "Source": "CRAN"
    },
    "git2r": {
      "Package": "git2r",
      "Version": "0.26.1",
      "Source": "CRAN"
    },
    "glue": {
      "Package": "glue",
      "Version": "1.3.1",
      "Source": "CRAN"
    },
    "gridExtra": {
      "Package": "gridExtra",
      "Version": "2.3",
      "Source": "CRAN"
    },
    "gtable": {
      "Package": "gtable",
      "Version": "0.3.0",
      "Source": "CRAN"
    },
    "highr": {
      "Package": "highr",
      "Version": "0.8",
      "Source": "CRAN"
    },
    "hms": {
      "Package": "hms",
      "Version": "0.5.2",
      "Source": "CRAN"
    },
    "htmltools": {
      "Package": "htmltools",
      "Version": "0.4.0",
      "Source": "CRAN"
    },
    "htmlwidgets": {
      "Package": "htmlwidgets",
      "Version": "1.5.1",
      "Source": "CRAN"
    },
    "httpuv": {
      "Package": "httpuv",
      "Version": "1.5.2",
      "Source": "CRAN"
    },
    "httr": {
      "Package": "httr",
      "Version": "1.4.1",
      "Source": "CRAN"
    },
    "ini": {
      "Package": "ini",
      "Version": "0.3.1",
      "Source": "CRAN"
    },
    "jsonlite": {
      "Package": "jsonlite",
      "Version": "1.6",
      "Source": "CRAN"
    },
    "knitr": {
      "Package": "knitr",
      "Version": "1.26",
      "Source": "CRAN"
    },
    "labeling": {
      "Package": "labeling",
      "Version": "0.3",
      "Source": "CRAN"
    },
    "later": {
      "Package": "later",
      "Version": "1.0.0",
      "Source": "CRAN"
    },
    "lazyeval": {
      "Package": "lazyeval",
      "Version": "0.2.2",
      "Source": "CRAN"
    },
    "lifecycle": {
      "Package": "lifecycle",
      "Version": "0.1.0",
      "Source": "CRAN"
    },
    "magrittr": {
      "Package": "magrittr",
      "Version": "1.5",
      "Source": "CRAN"
    },
    "markdown": {
      "Package": "markdown",
      "Version": "1.1",
      "Source": "CRAN"
    },
    "memoise": {
      "Package": "memoise",
      "Version": "1.1.0",
      "Source": "CRAN"
    },
    "mime": {
      "Package": "mime",
      "Version": "0.7",
      "Source": "CRAN"
    },
    "munsell": {
      "Package": "munsell",
      "Version": "0.5.0",
      "Source": "CRAN"
    },
    "openssl": {
      "Package": "openssl",
      "Version": "1.4.1",
      "Source": "CRAN"
    },
    "packrat": {
      "Package": "packrat",
      "Version": "0.5.0",
      "Source": "CRAN"
    },
    "pacman": {
      "Package": "pacman",
      "Version": "0.5.1",
      "Source": "CRAN"
    },
    "pillar": {
      "Package": "pillar",
      "Version": "1.4.2",
      "Source": "CRAN"
    },
    "pkgbuild": {
      "Package": "pkgbuild",
      "Version": "1.0.6",
      "Source": "CRAN"
    },
    "pkgconfig": {
      "Package": "pkgconfig",
      "Version": "2.0.3",
      "Source": "CRAN"
    },
    "pkgload": {
      "Package": "pkgload",
      "Version": "1.0.2",
      "Source": "CRAN"
    },
    "plogr": {
      "Package": "plogr",
      "Version": "0.2.0",
      "Source": "CRAN"
    },
    "pls": {
      "Package": "pls",
      "Version": "2.7-2",
      "Source": "CRAN"
    },
    "plyr": {
      "Package": "plyr",
      "Version": "1.8.5",
      "Source": "CRAN"
    },
    "polynom": {
      "Package": "polynom",
      "Version": "1.4-0",
      "Source": "CRAN"
    },
    "pracma": {
      "Package": "pracma",
      "Version": "2.2.9",
      "Source": "CRAN"
    },
    "praise": {
      "Package": "praise",
      "Version": "1.0.0",
      "Source": "CRAN"
    },
    "prettyunits": {
      "Package": "prettyunits",
      "Version": "1.0.2",
      "Source": "CRAN"
    },
    "processx": {
      "Package": "processx",
      "Version": "3.4.1",
      "Source": "CRAN"
    },
    "progress": {
      "Package": "progress",
      "Version": "1.2.2",
      "Source": "CRAN"
    },
    "promises": {
      "Package": "promises",
      "Version": "1.1.0",
      "Source": "CRAN"
    },
    "ps": {
      "Package": "ps",
      "Version": "1.3.0",
      "Source": "CRAN"
    },
    "purrr": {
      "Package": "purrr",
      "Version": "0.3.3",
      "Source": "CRAN"
    },
    "quadprog": {
      "Package": "quadprog",
      "Version": "1.5-8",
      "Source": "CRAN"
    },
    "rcmdcheck": {
      "Package": "rcmdcheck",
      "Version": "1.3.3",
      "Source": "CRAN"
    },
    "remotes": {
      "Package": "remotes",
      "Version": "2.1.0",
      "Source": "CRAN"
    },
    "reshape2": {
      "Package": "reshape2",
      "Version": "1.4.3",
      "Source": "CRAN"
    },
    "rex": {
      "Package": "rex",
      "Version": "1.1.2",
      "Source": "CRAN"
    },
    "rlang": {
      "Package": "rlang",
      "Version": "0.4.2",
      "Source": "CRAN"
    },
    "rmarkdown": {
      "Package": "rmarkdown",
      "Version": "2.0",
      "Source": "CRAN"
    },
    "roxygen2": {
      "Package": "roxygen2",
      "Version": "7.0.2",
      "Source": "CRAN"
    },
    "rprojroot": {
      "Package": "rprojroot",
      "Version": "1.3-2",
      "Source": "CRAN"
    },
    "rstudioapi": {
      "Package": "rstudioapi",
      "Version": "0.10",
      "Source": "CRAN"
    },
    "rversions": {
      "Package": "rversions",
      "Version": "2.0.1",
      "Source": "CRAN"
    },
    "scales": {
      "Package": "scales",
      "Version": "1.1.0",
      "Source": "CRAN"
    },
    "sessioninfo": {
      "Package": "sessioninfo",
      "Version": "1.1.1",
      "Source": "CRAN"
    },
    "shiny": {
      "Package": "shiny",
      "Version": "1.4.0",
      "Source": "CRAN"
    },
    "sourcetools": {
      "Package": "sourcetools",
      "Version": "0.1.7",
      "Source": "CRAN"
    },
    "stringi": {
      "Package": "stringi",
      "Version": "1.4.3",
      "Source": "CRAN"
    },
    "stringr": {
      "Package": "stringr",
      "Version": "1.4.0",
      "Source": "CRAN"
    },
    "sys": {
      "Package": "sys",
      "Version": "3.3",
      "Source": "CRAN"
    },
    "testthat": {
      "Package": "testthat",
      "Version": "2.3.1",
      "Source": "CRAN"
    },
    "tibble": {
      "Package": "tibble",
      "Version": "2.1.3",
      "Source": "CRAN"
    },
    "tidyr": {
      "Package": "tidyr",
      "Version": "1.0.0",
      "Source": "CRAN"
    },
    "tidyselect": {
      "Package": "tidyselect",
      "Version": "0.2.5",
      "Source": "CRAN"
    },
    "tinytex": {
      "Package": "tinytex",
      "Version": "0.18",
      "Source": "CRAN"
    },
    "usethis": {
      "Package": "usethis",
      "Version": "1.5.1",
      "Source": "CRAN"
    },
    "utf8": {
      "Package": "utf8",
      "Version": "1.1.4",
      "Source": "CRAN"
    },
    "vctrs": {
      "Package": "vctrs",
      "Version": "0.2.0",
      "Source": "CRAN"
    },
    "viridisLite": {
      "Package": "viridisLite",
      "Version": "0.3.0",
      "Source": "CRAN"
    },
    "whisker": {
      "Package": "whisker",
      "Version": "0.4",
      "Source": "CRAN"
    },
    "withr": {
      "Package": "withr",
      "Version": "2.1.2",
      "Source": "CRAN"
    },
    "xfun": {
      "Package": "xfun",
      "Version": "0.11",
      "Source": "CRAN"
    },
    "xml2": {
      "Package": "xml2",
      "Version": "1.2.2",
      "Source": "CRAN"
    },
    "xopen": {
      "Package": "xopen",
      "Version": "1.0.0",
      "Source": "CRAN"
    },
    "xtable": {
      "Package": "xtable",
      "Version": "1.8-4",
      "Source": "CRAN"
    },
    "yaml": {
      "Package": "yaml",
      "Version": "2.2.0",
      "Source": "CRAN"
    },
    "zeallot": {
      "Package": "zeallot",
      "Version": "0.1.0",
      "Source": "CRAN"
    }
  }
}
